
Microsoft Visual Studio Solution File, Format Version 12.00
# Visual Studio 2012
Project("{FAE04EC0-301F-11D3-BF4B-00C04F79EFBC}") = "BiaGlicMonitorXa", "BiaGlicMonitorXa\BiaGlicMonitorXa.csproj", "{3B62FFDC-03FF-411B-8D4F-7E15A8DE6F1A}"
EndProject
Project("{FAE04EC0-301F-11D3-BF4B-00C04F79EFBC}") = "BiaGlicMonitorXa.iOS", "iOS\BiaGlicMonitorXa.iOS.csproj", "{56982D22-88BB-4A64-BB7D-62FB29817C61}"
EndProject
Project("{FAE04EC0-301F-11D3-BF4B-00C04F79EFBC}") = "BiaGlicMonitorXa.Droid", "Droid\BiaGlicMonitorXa.Droid.csproj", "{2F5E5506-9A8D-476D-A7C0-0984DC524FCD}"
EndProject
Global
	GlobalSection(SolutionConfigurationPlatforms) = preSolution
		Debug|Any CPU = Debug|Any CPU
		Release|Any CPU = Release|Any CPU
		Debug|iPhoneSimulator = Debug|iPhoneSimulator
		Release|iPhone = Release|iPhone
		Release|iPhoneSimulator = Release|iPhoneSimulator
		Debug|iPhone = Debug|iPhone
	EndGlobalSection
	GlobalSection(ProjectConfigurationPlatforms) = postSolution
		{3B62FFDC-03FF-411B-8D4F-7E15A8DE6F1A}.Debug|Any CPU.ActiveCfg = Debug|Any CPU
		{3B62FFDC-03FF-411B-8D4F-7E15A8DE6F1A}.Debug|Any CPU.Build.0 = Debug|Any CPU
		{3B62FFDC-03FF-411B-8D4F-7E15A8DE6F1A}.Release|Any CPU.ActiveCfg = Release|Any CPU
		{3B62FFDC-03FF-411B-8D4F-7E15A8DE6F1A}.Release|Any CPU.Build.0 = Release|Any CPU
		{3B62FFDC-03FF-411B-8D4F-7E15A8DE6F1A}.Debug|iPhoneSimulator.ActiveCfg = Debug|Any CPU
		{3B62FFDC-03FF-411B-8D4F-7E15A8DE6F1A}.Debug|iPhoneSimulator.Build.0 = Debug|Any CPU
		{3B62FFDC-03FF-411B-8D4F-7E15A8DE6F1A}.Release|iPhone.ActiveCfg = Release|Any CPU
		{3B62FFDC-03FF-411B-8D4F-7E15A8DE6F1A}.Release|iPhone.Build.0 = Release|Any CPU
		{3B62FFDC-03FF-411B-8D4F-7E15A8DE6F1A}.Release|iPhoneSimulator.ActiveCfg = Release|Any CPU
		{3B62FFDC-03FF-411B-8D4F-7E15A8DE6F1A}.Release|iPhoneSimulator.Build.0 = Release|Any CPU
		{3B62FFDC-03FF-411B-8D4F-7E15A8DE6F1A}.Debug|iPhone.ActiveCfg = Debug|Any CPU
		{3B62FFDC-03FF-411B-8D4F-7E15A8DE6F1A}.Debug|iPhone.Build.0 = Debug|Any CPU
		{56982D22-88BB-4A64-BB7D-62FB29817C61}.Debug|Any CPU.ActiveCfg = Debug|iPhoneSimulator
		{56982D22-88BB-4A64-BB7D-62FB29817C61}.Debug|Any CPU.Build.0 = Debug|iPhoneSimulator
		{56982D22-88BB-4A64-BB7D-62FB29817C61}.Release|Any CPU.ActiveCfg = Release|iPhone
		{56982D22-88BB-4A64-BB7D-62FB29817C61}.Release|Any CPU.Build.0 = Release|iPhone
		{56982D22-88BB-4A64-BB7D-62FB29817C61}.Debug|iPhoneSimulator.ActiveCfg = Debug|iPhoneSimulator
		{56982D22-88BB-4A64-BB7D-62FB29817C61}.Debug|iPhoneSimulator.Build.0 = Debug|iPhoneSimulator
		{56982D22-88BB-4A64-BB7D-62FB29817C61}.Release|iPhone.ActiveCfg = Release|iPhone
		{56982D22-88BB-4A64-BB7D-62FB29817C61}.Release|iPhone.Build.0 = Release|iPhone
		{56982D22-88BB-4A64-BB7D-62FB29817C61}.Release|iPhoneSimulator.ActiveCfg = Release|iPhoneSimulator
		{56982D22-88BB-4A64-BB7D-62FB29817C61}.Release|iPhoneSimulator.Build.0 = Release|iPhoneSimulator
		{56982D22-88BB-4A64-BB7D-62FB29817C61}.Debug|iPhone.ActiveCfg = Debug|iPhone
		{56982D22-88BB-4A64-BB7D-62FB29817C61}.Debug|iPhone.Build.0 = Debug|iPhone
		{2F5E5506-9A8D-476D-A7C0-0984DC524FCD}.Debug|Any CPU.ActiveCfg = Debug|Any CPU
		{2F5E5506-9A8D-476D-A7C0-0984DC524FCD}.Debug|Any CPU.Build.0 = Debug|Any CPU
		{2F5E5506-9A8D-476D-A7C0-0984DC524FCD}.Release|Any CPU.ActiveCfg = Release|Any CPU
		{2F5E5506-9A8D-476D-A7C0-0984DC524FCD}.Release|Any CPU.Build.0 = Release|Any CPU
		{2F5E5506-9A8D-476D-A7C0-0984DC524FCD}.Debug|iPhoneSimulator.ActiveCfg = Debug|Any CPU
		{2F5E5506-9A8D-476D-A7C0-0984DC524FCD}.Debug|iPhoneSimulator.Build.0 = Debug|Any CPU
		{2F5E5506-9A8D-476D-A7C0-0984DC524FCD}.Release|iPhone.ActiveCfg = Release|Any CPU
		{2F5E5506-9A8D-476D-A7C0-0984DC524FCD}.Release|iPhone.Build.0 = Release|Any CPU
		{2F5E5506-9A8D-476D-A7C0-0984DC524FCD}.Release|iPhoneSimulator.ActiveCfg = Release|Any CPU
		{2F5E5506-9A8D-476D-A7C0-0984DC524FCD}.Release|iPhoneSimulator.Build.0 = Release|Any CPU
		{2F5E5506-9A8D-476D-A7C0-0984DC524FCD}.Debug|iPhone.ActiveCfg = Debug|Any CPU
		{2F5E5506-9A8D-476D-A7C0-0984DC524FCD}.Debug|iPhone.Build.0 = Debug|Any CPU
	EndGlobalSection
	GlobalSection(MonoDevelopProperties) = preSolution
		Policies = $0
		$0.DotNetNamingPolicy = $1
		$1.DirectoryNamespaceAssociation = None
		$1.ResourceNamePolicy = FileFormatDefault
	EndGlobalSection
EndGlobal
